
Microsoft Visual Studio Solution File, Format Version 12.00
# Visual Studio Version 16
VisualStudioVersion = 16.0.28803.352
MinimumVisualStudioVersion = 10.0.40219.1
Project("{FAE04EC0-301F-11D3-BF4B-00C04F79EFBC}") = "WorkflowEngine", "WorkflowEngine\WorkflowEngine.csproj", "{3FECD6B7-17FD-452A-B3E6-409274E73902}"
EndProject
Global
	GlobalSection(SolutionConfigurationPlatforms) = preSolution
		Debug|Any CPU = Debug|Any CPU
		Release|Any CPU = Release|Any CPU
	EndGlobalSection
	GlobalSection(ProjectConfigurationPlatforms) = postSolution
		{3FECD6B7-17FD-452A-B3E6-409274E73902}.Debug|Any CPU.ActiveCfg = Debug|Any CPU
		{3FECD6B7-17FD-452A-B3E6-409274E73902}.Debug|Any CPU.Build.0 = Debug|Any CPU
		{3FECD6B7-17FD-452A-B3E6-409274E73902}.Release|Any CPU.ActiveCfg = Release|Any CPU
		{3FECD6B7-17FD-452A-B3E6-409274E73902}.Release|Any CPU.Build.0 = Release|Any CPU
	EndGlobalSection
	GlobalSection(SolutionProperties) = preSolution
		HideSolutionNode = FALSE
	EndGlobalSection
	GlobalSection(ExtensibilityGlobals) = postSolution
		SolutionGuid = {EEA5AB66-38FA-4DBE-B492-D6A978344B60}
	EndGlobalSection
EndGlobal
